
Microsoft Visual Studio Solution File, Format Version 12.00
# Visual Studio Version 17
VisualStudioVersion = 17.4.33403.182
MinimumVisualStudioVersion = 10.0.40219.1
Project("{8BC9CEB8-8B4A-11D0-8D11-00A0C91BC942}") = "P41循环分支作业", "P41循环分支作业\P41循环分支作业.vcxproj", "{11EC1264-1337-4BAA-BAC1-7FB74EF8FE88}"
EndProject
Global
	GlobalSection(SolutionConfigurationPlatforms) = preSolution
		Debug|x64 = Debug|x64
		Debug|x86 = Debug|x86
		Release|x64 = Release|x64
		Release|x86 = Release|x86
	EndGlobalSection
	GlobalSection(ProjectConfigurationPlatforms) = postSolution
		{11EC1264-1337-4BAA-BAC1-7FB74EF8FE88}.Debug|x64.ActiveCfg = Debug|x64
		{11EC1264-1337-4BAA-BAC1-7FB74EF8FE88}.Debug|x64.Build.0 = Debug|x64
		{11EC1264-1337-4BAA-BAC1-7FB74EF8FE88}.Debug|x86.ActiveCfg = Debug|Win32
		{11EC1264-1337-4BAA-BAC1-7FB74EF8FE88}.Debug|x86.Build.0 = Debug|Win32
		{11EC1264-1337-4BAA-BAC1-7FB74EF8FE88}.Release|x64.ActiveCfg = Release|x64
		{11EC1264-1337-4BAA-BAC1-7FB74EF8FE88}.Release|x64.Build.0 = Release|x64
		{11EC1264-1337-4BAA-BAC1-7FB74EF8FE88}.Release|x86.ActiveCfg = Release|Win32
		{11EC1264-1337-4BAA-BAC1-7FB74EF8FE88}.Release|x86.Build.0 = Release|Win32
	EndGlobalSection
	GlobalSection(SolutionProperties) = preSolution
		HideSolutionNode = FALSE
	EndGlobalSection
	GlobalSection(ExtensibilityGlobals) = postSolution
		SolutionGuid = {80C2398F-318D-48AA-A59A-E87FD96DDE04}
	EndGlobalSection
EndGlobal
